
Microsoft Visual Studio Solution File, Format Version 12.00
# Visual Studio Version 17
VisualStudioVersion = 17.0.31903.59
MinimumVisualStudioVersion = 10.0.40219.1
Project("{9A19103F-16F7-4668-BE54-9A1E7A4F7556}") = "Day_1", "Day_1\Day_1.csproj", "{F3BB042B-8C65-41B5-84CC-53B6D67FEDFF}"
EndProject
Project("{9A19103F-16F7-4668-BE54-9A1E7A4F7556}") = "Day_2", "Day_2\Day_2.csproj", "{11A28F5E-A0F1-4BE2-A113-3386C17830D6}"
EndProject
Project("{9A19103F-16F7-4668-BE54-9A1E7A4F7556}") = "Day_3", "Day3\Day_3.csproj", "{2EB4E54E-2685-4662-B587-42222A2AD99A}"
EndProject
Project("{FAE04EC0-301F-11D3-BF4B-00C04F79EFBC}") = "Day_4", "Day_4\Day_4.csproj", "{55477A1A-E0F5-442A-9093-37EAAAC53C64}"
EndProject
Project("{FAE04EC0-301F-11D3-BF4B-00C04F79EFBC}") = "Day_5", "Day_5\Day_5.csproj", "{E3E7DEFE-CEF9-404C-B7C5-2A10BB3DFCF4}"
EndProject
Project("{FAE04EC0-301F-11D3-BF4B-00C04F79EFBC}") = "Day_6", "Day_6\Day_6.csproj", "{394133EF-DE4D-4BAB-9169-8DA9DFCA9E32}"
EndProject
Global
	GlobalSection(SolutionConfigurationPlatforms) = preSolution
		Debug|Any CPU = Debug|Any CPU
		Release|Any CPU = Release|Any CPU
	EndGlobalSection
	GlobalSection(ProjectConfigurationPlatforms) = postSolution
		{F3BB042B-8C65-41B5-84CC-53B6D67FEDFF}.Debug|Any CPU.ActiveCfg = Debug|Any CPU
		{F3BB042B-8C65-41B5-84CC-53B6D67FEDFF}.Debug|Any CPU.Build.0 = Debug|Any CPU
		{F3BB042B-8C65-41B5-84CC-53B6D67FEDFF}.Release|Any CPU.ActiveCfg = Release|Any CPU
		{F3BB042B-8C65-41B5-84CC-53B6D67FEDFF}.Release|Any CPU.Build.0 = Release|Any CPU
		{11A28F5E-A0F1-4BE2-A113-3386C17830D6}.Debug|Any CPU.ActiveCfg = Debug|Any CPU
		{11A28F5E-A0F1-4BE2-A113-3386C17830D6}.Debug|Any CPU.Build.0 = Debug|Any CPU
		{11A28F5E-A0F1-4BE2-A113-3386C17830D6}.Release|Any CPU.ActiveCfg = Release|Any CPU
		{11A28F5E-A0F1-4BE2-A113-3386C17830D6}.Release|Any CPU.Build.0 = Release|Any CPU
		{2EB4E54E-2685-4662-B587-42222A2AD99A}.Debug|Any CPU.ActiveCfg = Debug|Any CPU
		{2EB4E54E-2685-4662-B587-42222A2AD99A}.Debug|Any CPU.Build.0 = Debug|Any CPU
		{2EB4E54E-2685-4662-B587-42222A2AD99A}.Release|Any CPU.ActiveCfg = Release|Any CPU
		{2EB4E54E-2685-4662-B587-42222A2AD99A}.Release|Any CPU.Build.0 = Release|Any CPU
		{55477A1A-E0F5-442A-9093-37EAAAC53C64}.Debug|Any CPU.ActiveCfg = Debug|Any CPU
		{55477A1A-E0F5-442A-9093-37EAAAC53C64}.Debug|Any CPU.Build.0 = Debug|Any CPU
		{55477A1A-E0F5-442A-9093-37EAAAC53C64}.Release|Any CPU.ActiveCfg = Release|Any CPU
		{55477A1A-E0F5-442A-9093-37EAAAC53C64}.Release|Any CPU.Build.0 = Release|Any CPU
		{E3E7DEFE-CEF9-404C-B7C5-2A10BB3DFCF4}.Debug|Any CPU.ActiveCfg = Debug|Any CPU
		{E3E7DEFE-CEF9-404C-B7C5-2A10BB3DFCF4}.Debug|Any CPU.Build.0 = Debug|Any CPU
		{E3E7DEFE-CEF9-404C-B7C5-2A10BB3DFCF4}.Release|Any CPU.ActiveCfg = Release|Any CPU
		{E3E7DEFE-CEF9-404C-B7C5-2A10BB3DFCF4}.Release|Any CPU.Build.0 = Release|Any CPU
		{394133EF-DE4D-4BAB-9169-8DA9DFCA9E32}.Debug|Any CPU.ActiveCfg = Debug|Any CPU
		{394133EF-DE4D-4BAB-9169-8DA9DFCA9E32}.Debug|Any CPU.Build.0 = Debug|Any CPU
		{394133EF-DE4D-4BAB-9169-8DA9DFCA9E32}.Release|Any CPU.ActiveCfg = Release|Any CPU
		{394133EF-DE4D-4BAB-9169-8DA9DFCA9E32}.Release|Any CPU.Build.0 = Release|Any CPU
	EndGlobalSection
	GlobalSection(SolutionProperties) = preSolution
		HideSolutionNode = FALSE
	EndGlobalSection
	GlobalSection(ExtensibilityGlobals) = postSolution
		SolutionGuid = {B27BF726-1A2E-48AF-857D-096280574BD5}
	EndGlobalSection
EndGlobal
